# THIS IS AN AUTOGENERATED FILE. DO NOT EDIT THIS FILE DIRECTLY.
# yarn lockfile v1


"@clr/icons@^3.1.0":
  version "3.1.0"
  resolved "https://registry.yarnpkg.com/@clr/icons/-/icons-3.1.0.tgz#da38611a382c06f33f68cf94779c792114e98c8e"
  integrity sha512-i3vF5WJ79QzjRxWSh/ohUJkouunlUWSafnml9aztMrmm9DDMWNsEBxKyFCkwNMZIk+UYvI9e7rHmKGs0ZEpTaQ==

"@clr/ui@^3.1.0":
  version "3.1.0"
  resolved "https://registry.yarnpkg.com/@clr/ui/-/ui-3.1.0.tgz#3c05a090dfaecdec5483f862988a18819bc466ca"
  integrity sha512-7W0K+eA2uNV1eL+se8eopaaN/TmWk7mYC6hynkq5YSE1S5SquNmcRLvKgpojdLpS9jXVBszO1xWlQtCpxd4BGg==

"@webcomponents/custom-elements@1.0.0":
  version "1.0.0"
  resolved "https://registry.yarnpkg.com/@webcomponents/custom-elements/-/custom-elements-1.0.0.tgz#b1726e12074b556aa31b93f36ff6a03a435259c4"
  integrity sha1-sXJuEgdLVWqjG5Pzb/agOkNSWcQ=

codemirror@^5.51.0:
  version "5.51.0"
  resolved "https://registry.yarnpkg.com/codemirror/-/codemirror-5.51.0.tgz#7746caaf5223e68f5c55ea11e2f3cc82a9a3929e"
  integrity sha512-vyuYYRv3eXL0SCuZA4spRFlKNzQAewHcipRQCOKgRy7VNAvZxTKzbItdbCl4S5AgPZ5g3WkHp+ibWQwv9TLG7Q==

commander@~2.20.3:
  version "2.20.3"
  resolved "https://registry.yarnpkg.com/commander/-/commander-2.20.3.tgz#fd485e84c03eb4881c20722ba48035e8531aeb33"
  integrity sha512-GpVkmM8vF2vQUkj2LvZmD35JxeJOLCwJ9cUkugyk2nuhbv3+mJvpLYYt+0+USMxE+oj+ey/lJEnhZw75x/OMcQ==

jquery@^3.5.0:
  version "3.5.0"
  resolved "https://registry.yarnpkg.com/jquery/-/jquery-3.5.0.tgz#9980b97d9e4194611c36530e7dc46a58d7340fc9"
  integrity sha512-Xb7SVYMvygPxbFMpTFQiHh1J7HClEaThguL15N/Gg37Lri/qKyhRGZYzHRyLH8Stq3Aow0LsHO2O2ci86fCrNQ==

source-map@~0.6.1:
  version "0.6.1"
  resolved "https://registry.yarnpkg.com/source-map/-/source-map-0.6.1.tgz#74722af32e9614e9c287a8d0bbde48b5e2f1a263"
  integrity sha512-UjgapumWlbMhkBgzT7Ykc5YXUT46F0iKu8SGXq0bcwP5dz/h0Plj6enJqjz1Zbq2l5WaqYnrVbwWOWMyF3F47g==

uglify-js@^3.7.6:
  version "3.7.6"
  resolved "https://registry.yarnpkg.com/uglify-js/-/uglify-js-3.7.6.tgz#0783daa867d4bc962a37cc92f67f6e3238c47485"
  integrity sha512-yYqjArOYSxvqeeiYH2VGjZOqq6SVmhxzaPjJC1W2F9e+bqvFL9QXQ2osQuKUFjM2hGjKG2YclQnRKWQSt/nOTQ==
  dependencies:
    commander "~2.20.3"
    source-map "~0.6.1"
